// !$*UTF8*$!
{
	archiveVersion = 1;
	classes = {
	};
	objectVersion = 52;
	objects = {

/* Begin PBXBuildFile section */
		919FF67E2548490100727241 /* SGSegmentedProgressBarLibrary.h in Headers */ = {isa = PBXBuildFile; fileRef = 919FF67C2548490100727241 /* SGSegmentedProgressBarLibrary.h */; settings = {ATTRIBUTES = (Public, ); }; };
		919FF6882548492300727241 /* SGSegmentedProgressBar.xcframework in Frameworks */ = {isa = PBXBuildFile; fileRef = 919FF6852548491F00727241 /* SGSegmentedProgressBar.xcframework */; };
		919FF6892548492300727241 /* SGSegmentedProgressBar.xcframework in Embed Frameworks */ = {isa = PBXBuildFile; fileRef = 919FF6852548491F00727241 /* SGSegmentedProgressBar.xcframework */; settings = {ATTRIBUTES = (CodeSignOnCopy, RemoveHeadersOnCopy, ); }; };
		919FF6922548494E00727241 /* AppDelegate.swift in Sources */ = {isa = PBXBuildFile; fileRef = 919FF6912548494E00727241 /* AppDelegate.swift */; };
		919FF6942548494E00727241 /* SceneDelegate.swift in Sources */ = {isa = PBXBuildFile; fileRef = 919FF6932548494E00727241 /* SceneDelegate.swift */; };
		919FF6962548494E00727241 /* ViewController.swift in Sources */ = {isa = PBXBuildFile; fileRef = 919FF6952548494E00727241 /* ViewController.swift */; };
		919FF6992548494E00727241 /* Main.storyboard in Resources */ = {isa = PBXBuildFile; fileRef = 919FF6972548494E00727241 /* Main.storyboard */; };
		919FF69B2548495300727241 /* Assets.xcassets in Resources */ = {isa = PBXBuildFile; fileRef = 919FF69A2548495300727241 /* Assets.xcassets */; };
		919FF69E2548495300727241 /* LaunchScreen.storyboard in Resources */ = {isa = PBXBuildFile; fileRef = 919FF69C2548495300727241 /* LaunchScreen.storyboard */; };
		91CAFC0B25484A7800845987 /* SGSegmentedProgressBar.xcframework in Frameworks */ = {isa = PBXBuildFile; fileRef = 919FF6852548491F00727241 /* SGSegmentedProgressBar.xcframework */; };
		91CAFC0C25484A7800845987 /* SGSegmentedProgressBar.xcframework in Embed Frameworks */ = {isa = PBXBuildFile; fileRef = 919FF6852548491F00727241 /* SGSegmentedProgressBar.xcframework */; settings = {ATTRIBUTES = (CodeSignOnCopy, RemoveHeadersOnCopy, ); }; };
/* End PBXBuildFile section */

/* Begin PBXCopyFilesBuildPhase section */
		919FF68A2548492300727241 /* Embed Frameworks */ = {
			isa = PBXCopyFilesBuildPhase;
			buildActionMask = 2147483647;
			dstPath = "";
			dstSubfolderSpec = 10;
			files = (
				919FF6892548492300727241 /* SGSegmentedProgressBar.xcframework in Embed Frameworks */,
			);
			name = "Embed Frameworks";
			runOnlyForDeploymentPostprocessing = 0;
		};
		91CAFC0A254849DA00845987 /* Embed Frameworks */ = {
			isa = PBXCopyFilesBuildPhase;
			buildActionMask = 2147483647;
			dstPath = "";
			dstSubfolderSpec = 10;
			files = (
				91CAFC0C25484A7800845987 /* SGSegmentedProgressBar.xcframework in Embed Frameworks */,
			);
			name = "Embed Frameworks";
			runOnlyForDeploymentPostprocessing = 0;
		};
/* End PBXCopyFilesBuildPhase section */

/* Begin PBXFileReference section */
		919FF6792548490100727241 /* SGSegmentedProgressBarLibrary.framework */ = {isa = PBXFileReference; explicitFileType = wrapper.framework; includeInIndex = 0; path = SGSegmentedProgressBarLibrary.framework; sourceTree = BUILT_PRODUCTS_DIR; };
		919FF67C2548490100727241 /* SGSegmentedProgressBarLibrary.h */ = {isa = PBXFileReference; lastKnownFileType = sourcecode.c.h; path = SGSegmentedProgressBarLibrary.h; sourceTree = "<group>"; };
		919FF67D2548490100727241 /* Info.plist */ = {isa = PBXFileReference; lastKnownFileType = text.plist.xml; path = Info.plist; sourceTree = "<group>"; };
		919FF6852548491F00727241 /* SGSegmentedProgressBar.xcframework */ = {isa = PBXFileReference; lastKnownFileType = wrapper.xcframework; path = SGSegmentedProgressBar.xcframework; sourceTree = "<group>"; };
		919FF68F2548494E00727241 /* PBLExample.app */ = {isa = PBXFileReference; explicitFileType = wrapper.application; includeInIndex = 0; path = PBLExample.app; sourceTree = BUILT_PRODUCTS_DIR; };
		919FF6912548494E00727241 /* AppDelegate.swift */ = {isa = PBXFileReference; lastKnownFileType = sourcecode.swift; path = AppDelegate.swift; sourceTree = "<group>"; };
		919FF6932548494E00727241 /* SceneDelegate.swift */ = {isa = PBXFileReference; lastKnownFileType = sourcecode.swift; path = SceneDelegate.swift; sourceTree = "<group>"; };
		919FF6952548494E00727241 /* ViewController.swift */ = {isa = PBXFileReference; lastKnownFileType = sourcecode.swift; path = ViewController.swift; sourceTree = "<group>"; };
		919FF6982548494E00727241 /* Base */ = {isa = PBXFileReference; lastKnownFileType = file.storyboard; name = Base; path = Base.lproj/Main.storyboard; sourceTree = "<group>"; };
		919FF69A2548495300727241 /* Assets.xcassets */ = {isa = PBXFileReference; lastKnownFileType = folder.assetcatalog; path = Assets.xcassets; sourceTree = "<group>"; };
		919FF69D2548495300727241 /* Base */ = {isa = PBXFileReference; lastKnownFileType = file.storyboard; name = Base; path = Base.lproj/LaunchScreen.storyboard; sourceTree = "<group>"; };
		919FF69F2548495400727241 /* Info.plist */ = {isa = PBXFileReference; lastKnownFileType = text.plist.xml; path = Info.plist; sourceTree = "<group>"; };
/* End PBXFileReference section */

/* Begin PBXFrameworksBuildPhase section */
		919FF6762548490100727241 /* Frameworks */ = {
			isa = PBXFrameworksBuildPhase;
			buildActionMask = 2147483647;
			files = (
				919FF6882548492300727241 /* SGSegmentedProgressBar.xcframework in Frameworks */,
			);
			runOnlyForDeploymentPostprocessing = 0;
		};
		919FF68C2548494E00727241 /* Frameworks */ = {
			isa = PBXFrameworksBuildPhase;
			buildActionMask = 2147483647;
			files = (
				91CAFC0B25484A7800845987 /* SGSegmentedProgressBar.xcframework in Frameworks */,
			);
			runOnlyForDeploymentPostprocessing = 0;
		};
/* End PBXFrameworksBuildPhase section */

/* Begin PBXGroup section */
		919FF66F2548490100727241 = {
			isa = PBXGroup;
			children = (
				919FF67B2548490100727241 /* SGSegmentedProgressBarLibrary */,
				919FF6902548494E00727241 /* PBLExample */,
				919FF67A2548490100727241 /* Products */,
				91CAFC05254849DA00845987 /* Frameworks */,
			);
			sourceTree = "<group>";
		};
		919FF67A2548490100727241 /* Products */ = {
			isa = PBXGroup;
			children = (
				919FF6792548490100727241 /* SGSegmentedProgressBarLibrary.framework */,
				919FF68F2548494E00727241 /* PBLExample.app */,
			);
			name = Products;
			sourceTree = "<group>";
		};
		919FF67B2548490100727241 /* SGSegmentedProgressBarLibrary */ = {
			isa = PBXGroup;
			children = (
				919FF6852548491F00727241 /* SGSegmentedProgressBar.xcframework */,
				919FF67C2548490100727241 /* SGSegmentedProgressBarLibrary.h */,
				919FF67D2548490100727241 /* Info.plist */,
			);
			path = SGSegmentedProgressBarLibrary;
			sourceTree = "<group>";
		};
		919FF6902548494E00727241 /* PBLExample */ = {
			isa = PBXGroup;
			children = (
				919FF6912548494E00727241 /* AppDelegate.swift */,
				919FF6932548494E00727241 /* SceneDelegate.swift */,
				919FF6952548494E00727241 /* ViewController.swift */,
				919FF6972548494E00727241 /* Main.storyboard */,
				919FF69A2548495300727241 /* Assets.xcassets */,
				919FF69C2548495300727241 /* LaunchScreen.storyboard */,
				919FF69F2548495400727241 /* Info.plist */,
			);
			path = PBLExample;
			sourceTree = "<group>";
		};
		91CAFC05254849DA00845987 /* Frameworks */ = {
			isa = PBXGroup;
			children = (
			);
			name = Frameworks;
			sourceTree = "<group>";
		};
/* End PBXGroup section */

/* Begin PBXHeadersBuildPhase section */
		919FF6742548490100727241 /* Headers */ = {
			isa = PBXHeadersBuildPhase;
			buildActionMask = 2147483647;
			files = (
				919FF67E2548490100727241 /* SGSegmentedProgressBarLibrary.h in Headers */,
			);
			runOnlyForDeploymentPostprocessing = 0;
		};
/* End PBXHeadersBuildPhase section */

/* Begin PBXNativeTarget section */
		919FF6782548490100727241 /* SGSegmentedProgressBarLibrary */ = {
			isa = PBXNativeTarget;
			buildConfigurationList = 919FF6812548490100727241 /* Build configuration list for PBXNativeTarget "SGSegmentedProgressBarLibrary" */;
			buildPhases = (
				919FF6742548490100727241 /* Headers */,
				919FF6752548490100727241 /* Sources */,
				919FF6762548490100727241 /* Frameworks */,
				919FF6772548490100727241 /* Resources */,
				919FF68A2548492300727241 /* Embed Frameworks */,
			);
			buildRules = (
			);
			dependencies = (
			);
			name = SGSegmentedProgressBarLibrary;
			productName = SGSegmentedProgressBarLibrary;
			productReference = 919FF6792548490100727241 /* SGSegmentedProgressBarLibrary.framework */;
			productType = "com.apple.product-type.framework";
		};
		919FF68E2548494E00727241 /* PBLExample */ = {
			isa = PBXNativeTarget;
			buildConfigurationList = 919FF6A02548495400727241 /* Build configuration list for PBXNativeTarget "PBLExample" */;
			buildPhases = (
				919FF68B2548494E00727241 /* Sources */,
				919FF68C2548494E00727241 /* Frameworks */,
				919FF68D2548494E00727241 /* Resources */,
				91CAFC0A254849DA00845987 /* Embed Frameworks */,
			);
			buildRules = (
			);
			dependencies = (
			);
			name = PBLExample;
			productName = PBLExample;
			productReference = 919FF68F2548494E00727241 /* PBLExample.app */;
			productType = "com.apple.product-type.application";
		};
/* End PBXNativeTarget section */

/* Begin PBXProject section */
		919FF6702548490100727241 /* Project object */ = {
			isa = PBXProject;
			attributes = {
				LastSwiftUpdateCheck = 1210;
				LastUpgradeCheck = 1210;
				TargetAttributes = {
					919FF6782548490100727241 = {
						CreatedOnToolsVersion = 12.1;
					};
					919FF68E2548494E00727241 = {
						CreatedOnToolsVersion = 12.1;
					};
				};
			};
			buildConfigurationList = 919FF6732548490100727241 /* Build configuration list for PBXProject "SGSegmentedProgressBarLibrary" */;
			compatibilityVersion = "Xcode 9.3";
			developmentRegion = en;
			hasScannedForEncodings = 0;
			knownRegions = (
				en,
				Base,
			);
			mainGroup = 919FF66F2548490100727241;
			productRefGroup = 919FF67A2548490100727241 /* Products */;
			projectDirPath = "";
			projectRoot = "";
			targets = (
				919FF6782548490100727241 /* SGSegmentedProgressBarLibrary */,
				919FF68E2548494E00727241 /* PBLExample */,
			);
		};
/* End PBXProject section */

/* Begin PBXResourcesBuildPhase section */
		919FF6772548490100727241 /* Resources */ = {
			isa = PBXResourcesBuildPhase;
			buildActionMask = 2147483647;
			files = (
			);
			runOnlyForDeploymentPostprocessing = 0;
		};
		919FF68D2548494E00727241 /* Resources */ = {
			isa = PBXResourcesBuildPhase;
			buildActionMask = 2147483647;
			files = (
				919FF69E2548495300727241 /* LaunchScreen.storyboard in Resources */,
				919FF69B2548495300727241 /* Assets.xcassets in Resources */,
				919FF6992548494E00727241 /* Main.storyboard in Resources */,
			);
			runOnlyForDeploymentPostprocessing = 0;
		};
/* End PBXResourcesBuildPhase section */

/* Begin PBXSourcesBuildPhase section */
		919FF6752548490100727241 /* Sources */ = {
			isa = PBXSourcesBuildPhase;
			buildActionMask = 2147483647;
			files = (
			);
			runOnlyForDeploymentPostprocessing = 0;
		};
		919FF68B2548494E00727241 /* Sources */ = {
			isa = PBXSourcesBuildPhase;
			buildActionMask = 2147483647;
			files = (
				919FF6962548494E00727241 /* ViewController.swift in Sources */,
				919FF6922548494E00727241 /* AppDelegate.swift in Sources */,
				919FF6942548494E00727241 /* SceneDelegate.swift in Sources */,
			);
			runOnlyForDeploymentPostprocessing = 0;
		};
/* End PBXSourcesBuildPhase section */

/* Begin PBXVariantGroup section */
		919FF6972548494E00727241 /* Main.storyboard */ = {
			isa = PBXVariantGroup;
			children = (
				919FF6982548494E00727241 /* Base */,
			);
			name = Main.storyboard;
			sourceTree = "<group>";
		};
		919FF69C2548495300727241 /* LaunchScreen.storyboard */ = {
			isa = PBXVariantGroup;
			children = (
				919FF69D2548495300727241 /* Base */,
			);
			name = LaunchScreen.storyboard;
			sourceTree = "<group>";
		};
/* End PBXVariantGroup section */

/* Begin XCBuildConfiguration section */
		919FF67F2548490100727241 /* Debug */ = {
			isa = XCBuildConfiguration;
			buildSettings = {
				ALWAYS_SEARCH_USER_PATHS = NO;
				CLANG_ANALYZER_NONNULL = YES;
				CLANG_ANALYZER_NUMBER_OBJECT_CONVERSION = YES_AGGRESSIVE;
				CLANG_CXX_LANGUAGE_STANDARD = "gnu++14";
				CLANG_CXX_LIBRARY = "libc++";
				CLANG_ENABLE_MODULES = YES;
				CLANG_ENABLE_OBJC_ARC = YES;
				CLANG_ENABLE_OBJC_WEAK = YES;
				CLANG_WARN_BLOCK_CAPTURE_AUTORELEASING = YES;
				CLANG_WARN_BOOL_CONVERSION = YES;
				CLANG_WARN_COMMA = YES;
				CLANG_WARN_CONSTANT_CONVERSION = YES;
				CLANG_WARN_DEPRECATED_OBJC_IMPLEMENTATIONS = YES;
				CLANG_WARN_DIRECT_OBJC_ISA_USAGE = YES_ERROR;
				CLANG_WARN_DOCUMENTATION_COMMENTS = YES;
				CLANG_WARN_EMPTY_BODY = YES;
				CLANG_WARN_ENUM_CONVERSION = YES;
				CLANG_WARN_INFINITE_RECURSION = YES;
				CLANG_WARN_INT_CONVERSION = YES;
				CLANG_WARN_NON_LITERAL_NULL_CONVERSION = YES;
				CLANG_WARN_OBJC_IMPLICIT_RETAIN_SELF = YES;
				CLANG_WARN_OBJC_LITERAL_CONVERSION = YES;
				CLANG_WARN_OBJC_ROOT_CLASS = YES_ERROR;
				CLANG_WARN_QUOTED_INCLUDE_IN_FRAMEWORK_HEADER = YES;
				CLANG_WARN_RANGE_LOOP_ANALYSIS = YES;
				CLANG_WARN_STRICT_PROTOTYPES = YES;
				CLANG_WARN_SUSPICIOUS_MOVE = YES;
				CLANG_WARN_UNGUARDED_AVAILABILITY = YES_AGGRESSIVE;
				CLANG_WARN_UNREACHABLE_CODE = YES;
				CLANG_WARN__DUPLICATE_METHOD_MATCH = YES;
				COPY_PHASE_STRIP = NO;
				CURRENT_PROJECT_VERSION = 1;
				DEBUG_INFORMATION_FORMAT = dwarf;
				ENABLE_STRICT_OBJC_MSGSEND = YES;
				ENABLE_TESTABILITY = YES;
				GCC_C_LANGUAGE_STANDARD = gnu11;
				GCC_DYNAMIC_NO_PIC = NO;
				GCC_NO_COMMON_BLOCKS = YES;
				GCC_OPTIMIZATION_LEVEL = 0;
				GCC_PREPROCESSOR_DEFINITIONS = (
					"DEBUG=1",
					"$(inherited)",
				);
				GCC_WARN_64_TO_32_BIT_CONVERSION = YES;
				GCC_WARN_ABOUT_RETURN_TYPE = YES_ERROR;
				GCC_WARN_UNDECLARED_SELECTOR = YES;
				GCC_WARN_UNINITIALIZED_AUTOS = YES_AGGRESSIVE;
				GCC_WARN_UNUSED_FUNCTION = YES;
				GCC_WARN_UNUSED_VARIABLE = YES;
				IPHONEOS_DEPLOYMENT_TARGET = 14.1;
				MTL_ENABLE_DEBUG_INFO = INCLUDE_SOURCE;
				MTL_FAST_MATH = YES;
				ONLY_ACTIVE_ARCH = YES;
				SDKROOT = iphoneos;
				SWIFT_ACTIVE_COMPILATION_CONDITIONS = DEBUG;
				SWIFT_OPTIMIZATION_LEVEL = "-Onone";
				VERSIONING_SYSTEM = "apple-generic";
				VERSION_INFO_PREFIX = "";
			};
			name = Debug;
		};
		919FF6802548490100727241 /* Release */ = {
			isa = XCBuildConfiguration;
			buildSettings = {
				ALWAYS_SEARCH_USER_PATHS = NO;
				CLANG_ANALYZER_NONNULL = YES;
				CLANG_ANALYZER_NUMBER_OBJECT_CONVERSION = YES_AGGRESSIVE;
				CLANG_CXX_LANGUAGE_STANDARD = "gnu++14";
				CLANG_CXX_LIBRARY = "libc++";
				CLANG_ENABLE_MODULES = YES;
				CLANG_ENABLE_OBJC_ARC = YES;
				CLANG_ENABLE_OBJC_WEAK = YES;
				CLANG_WARN_BLOCK_CAPTURE_AUTORELEASING = YES;
				CLANG_WARN_BOOL_CONVERSION = YES;
				CLANG_WARN_COMMA = YES;
				CLANG_WARN_CONSTANT_CONVERSION = YES;
				CLANG_WARN_DEPRECATED_OBJC_IMPLEMENTATIONS = YES;
				CLANG_WARN_DIRECT_OBJC_ISA_USAGE = YES_ERROR;
				CLANG_WARN_DOCUMENTATION_COMMENTS = YES;
				CLANG_WARN_EMPTY_BODY = YES;
				CLANG_WARN_ENUM_CONVERSION = YES;
				CLANG_WARN_INFINITE_RECURSION = YES;
				CLANG_WARN_INT_CONVERSION = YES;
				CLANG_WARN_NON_LITERAL_NULL_CONVERSION = YES;
				CLANG_WARN_OBJC_IMPLICIT_RETAIN_SELF = YES;
				CLANG_WARN_OBJC_LITERAL_CONVERSION = YES;
				CLANG_WARN_OBJC_ROOT_CLASS = YES_ERROR;
				CLANG_WARN_QUOTED_INCLUDE_IN_FRAMEWORK_HEADER = YES;
				CLANG_WARN_RANGE_LOOP_ANALYSIS = YES;
				CLANG_WARN_STRICT_PROTOTYPES = YES;
				CLANG_WARN_SUSPICIOUS_MOVE = YES;
				CLANG_WARN_UNGUARDED_AVAILABILITY = YES_AGGRESSIVE;
				CLANG_WARN_UNREACHABLE_CODE = YES;
				CLANG_WARN__DUPLICATE_METHOD_MATCH = YES;
				COPY_PHASE_STRIP = NO;
				CURRENT_PROJECT_VERSION = 1;
				DEBUG_INFORMATION_FORMAT = "dwarf-with-dsym";
				ENABLE_NS_ASSERTIONS = NO;
				ENABLE_STRICT_OBJC_MSGSEND = YES;
				GCC_C_LANGUAGE_STANDARD = gnu11;
				GCC_NO_COMMON_BLOCKS = YES;
				GCC_WARN_64_TO_32_BIT_CONVERSION = YES;
				GCC_WARN_ABOUT_RETURN_TYPE = YES_ERROR;
				GCC_WARN_UNDECLARED_SELECTOR = YES;
				GCC_WARN_UNINITIALIZED_AUTOS = YES_AGGRESSIVE;
				GCC_WARN_UNUSED_FUNCTION = YES;
				GCC_WARN_UNUSED_VARIABLE = YES;
				IPHONEOS_DEPLOYMENT_TARGET = 14.1;
				MTL_ENABLE_DEBUG_INFO = NO;
				MTL_FAST_MATH = YES;
				SDKROOT = iphoneos;
				SWIFT_COMPILATION_MODE = wholemodule;
				SWIFT_OPTIMIZATION_LEVEL = "-O";
				VALIDATE_PRODUCT = YES;
				VERSIONING_SYSTEM = "apple-generic";
				VERSION_INFO_PREFIX = "";
			};
			name = Release;
		};
		919FF6822548490100727241 /* Debug */ = {
			isa = XCBuildConfiguration;
			buildSettings = {
				BUILD_LIBRARY_FOR_DISTRIBUTION = YES;
				CODE_SIGN_STYLE = Automatic;
				DEFINES_MODULE = YES;
				DYLIB_COMPATIBILITY_VERSION = 1;
				DYLIB_CURRENT_VERSION = 1;
				DYLIB_INSTALL_NAME_BASE = "@rpath";
				INFOPLIST_FILE = SGSegmentedProgressBarLibrary/Info.plist;
				INSTALL_PATH = "$(LOCAL_LIBRARY_DIR)/Frameworks";
				IPHONEOS_DEPLOYMENT_TARGET = 9.0;
				LD_RUNPATH_SEARCH_PATHS = (
					"$(inherited)",
					"@executable_path/Frameworks",
					"@loader_path/Frameworks",
				);
				MARKETING_VERSION = 0.0.5;
				PRODUCT_BUNDLE_IDENTIFIER = SG.SGSegmentedProgressBarLibrary;
				PRODUCT_NAME = "$(TARGET_NAME:c99extidentifier)";
				SKIP_INSTALL = YES;
				SUPPORTS_MACCATALYST = NO;
				SWIFT_VERSION = 5.0;
				TARGETED_DEVICE_FAMILY = "1,2";
			};
			name = Debug;
		};
		919FF6832548490100727241 /* Release */ = {
			isa = XCBuildConfiguration;
			buildSettings = {
				BUILD_LIBRARY_FOR_DISTRIBUTION = YES;
				CODE_SIGN_STYLE = Automatic;
				DEFINES_MODULE = YES;
				DYLIB_COMPATIBILITY_VERSION = 1;
				DYLIB_CURRENT_VERSION = 1;
				DYLIB_INSTALL_NAME_BASE = "@rpath";
				INFOPLIST_FILE = SGSegmentedProgressBarLibrary/Info.plist;
				INSTALL_PATH = "$(LOCAL_LIBRARY_DIR)/Frameworks";
				IPHONEOS_DEPLOYMENT_TARGET = 9.0;
				LD_RUNPATH_SEARCH_PATHS = (
					"$(inherited)",
					"@executable_path/Frameworks",
					"@loader_path/Frameworks",
				);
				MARKETING_VERSION = 0.0.5;
				PRODUCT_BUNDLE_IDENTIFIER = SG.SGSegmentedProgressBarLibrary;
				PRODUCT_NAME = "$(TARGET_NAME:c99extidentifier)";
				SKIP_INSTALL = YES;
				SUPPORTS_MACCATALYST = NO;
				SWIFT_VERSION = 5.0;
				TARGETED_DEVICE_FAMILY = "1,2";
			};
			name = Release;
		};
		919FF6A12548495400727241 /* Debug */ = {
			isa = XCBuildConfiguration;
			buildSettings = {
				ASSETCATALOG_COMPILER_APPICON_NAME = AppIcon;
				ASSETCATALOG_COMPILER_GLOBAL_ACCENT_COLOR_NAME = AccentColor;
				BUILD_LIBRARY_FOR_DISTRIBUTION = YES;
				CODE_SIGN_STYLE = Automatic;
				DEVELOPMENT_TEAM = LN27CB9DQ2;
				INFOPLIST_FILE = PBLExample/Info.plist;
				IPHONEOS_DEPLOYMENT_TARGET = 9.0;
				LD_RUNPATH_SEARCH_PATHS = (
					"$(inherited)",
					"@executable_path/Frameworks",
				);
				PRODUCT_BUNDLE_IDENTIFIER = SG.PBLExample;
				PRODUCT_NAME = "$(TARGET_NAME)";
				SWIFT_VERSION = 5.0;
				TARGETED_DEVICE_FAMILY = "1,2";
			};
			name = Debug;
		};
		919FF6A22548495400727241 /* Release */ = {
			isa = XCBuildConfiguration;
			buildSettings = {
				ASSETCATALOG_COMPILER_APPICON_NAME = AppIcon;
				ASSETCATALOG_COMPILER_GLOBAL_ACCENT_COLOR_NAME = AccentColor;
				BUILD_LIBRARY_FOR_DISTRIBUTION = YES;
				CODE_SIGN_STYLE = Automatic;
				DEVELOPMENT_TEAM = LN27CB9DQ2;
				INFOPLIST_FILE = PBLExample/Info.plist;
				IPHONEOS_DEPLOYMENT_TARGET = 9.0;
				LD_RUNPATH_SEARCH_PATHS = (
					"$(inherited)",
					"@executable_path/Frameworks",
				);
				PRODUCT_BUNDLE_IDENTIFIER = SG.PBLExample;
				PRODUCT_NAME = "$(TARGET_NAME)";
				SWIFT_VERSION = 5.0;
				TARGETED_DEVICE_FAMILY = "1,2";
			};
			name = Release;
		};
/* End XCBuildConfiguration section */

/* Begin XCConfigurationList section */
		919FF6732548490100727241 /* Build configuration list for PBXProject "SGSegmentedProgressBarLibrary" */ = {
			isa = XCConfigurationList;
			buildConfigurations = (
				919FF67F2548490100727241 /* Debug */,
				919FF6802548490100727241 /* Release */,
			);
			defaultConfigurationIsVisible = 0;
			defaultConfigurationName = Release;
		};
		919FF6812548490100727241 /* Build configuration list for PBXNativeTarget "SGSegmentedProgressBarLibrary" */ = {
			isa = XCConfigurationList;
			buildConfigurations = (
				919FF6822548490100727241 /* Debug */,
				919FF6832548490100727241 /* Release */,
			);
			defaultConfigurationIsVisible = 0;
			defaultConfigurationName = Release;
		};
		919FF6A02548495400727241 /* Build configuration list for PBXNativeTarget "PBLExample" */ = {
			isa = XCConfigurationList;
			buildConfigurations = (
				919FF6A12548495400727241 /* Debug */,
				919FF6A22548495400727241 /* Release */,
			);
			defaultConfigurationIsVisible = 0;
			defaultConfigurationName = Release;
		};
/* End XCConfigurationList section */
	};
	rootObject = 919FF6702548490100727241 /* Project object */;
}
