// !$*UTF8*$!
{
	archiveVersion = 1;
	classes = {
	};
	objectVersion = 50;
	objects = {

/* Begin PBXBuildFile section */
		91B1BF1F252AE6F6000B763B /* SGSegmentedProgressBar.framework in Frameworks */ = {isa = PBXBuildFile; fileRef = 91B1BF1E252AE6F6000B763B /* SGSegmentedProgressBar.framework */; };
		91B1BF27252AE784000B763B /* AppDelegate.swift in Sources */ = {isa = PBXBuildFile; fileRef = 91B1BF26252AE784000B763B /* AppDelegate.swift */; };
		91B1BF29252AE784000B763B /* SceneDelegate.swift in Sources */ = {isa = PBXBuildFile; fileRef = 91B1BF28252AE784000B763B /* SceneDelegate.swift */; };
		91B1BF2B252AE784000B763B /* ViewController.swift in Sources */ = {isa = PBXBuildFile; fileRef = 91B1BF2A252AE784000B763B /* ViewController.swift */; };
		91B1BF2E252AE784000B763B /* Main.storyboard in Resources */ = {isa = PBXBuildFile; fileRef = 91B1BF2C252AE784000B763B /* Main.storyboard */; };
		91B1BF30252AE787000B763B /* Assets.xcassets in Resources */ = {isa = PBXBuildFile; fileRef = 91B1BF2F252AE787000B763B /* Assets.xcassets */; };
		91B1BF33252AE787000B763B /* LaunchScreen.storyboard in Resources */ = {isa = PBXBuildFile; fileRef = 91B1BF31252AE787000B763B /* LaunchScreen.storyboard */; };
		91B39539247E7C550005A55B /* SGSegmentedProgressBarLibrary.h in Headers */ = {isa = PBXBuildFile; fileRef = 91B39537247E7C550005A55B /* SGSegmentedProgressBarLibrary.h */; settings = {ATTRIBUTES = (Public, ); }; };
/* End PBXBuildFile section */

/* Begin PBXCopyFilesBuildPhase section */
		91B39543247E7CAD0005A55B /* Embed Frameworks */ = {
			isa = PBXCopyFilesBuildPhase;
			buildActionMask = 2147483647;
			dstPath = "";
			dstSubfolderSpec = 10;
			files = (
			);
			name = "Embed Frameworks";
			runOnlyForDeploymentPostprocessing = 0;
		};
/* End PBXCopyFilesBuildPhase section */

/* Begin PBXFileReference section */
		91B1BF1E252AE6F6000B763B /* SGSegmentedProgressBar.framework */ = {isa = PBXFileReference; lastKnownFileType = "compiled.mach-o.dylib"; path = SGSegmentedProgressBar.framework; sourceTree = "<group>"; };
		91B1BF24252AE784000B763B /* Example.app */ = {isa = PBXFileReference; explicitFileType = wrapper.application; includeInIndex = 0; path = Example.app; sourceTree = BUILT_PRODUCTS_DIR; };
		91B1BF26252AE784000B763B /* AppDelegate.swift */ = {isa = PBXFileReference; lastKnownFileType = sourcecode.swift; path = AppDelegate.swift; sourceTree = "<group>"; };
		91B1BF28252AE784000B763B /* SceneDelegate.swift */ = {isa = PBXFileReference; lastKnownFileType = sourcecode.swift; path = SceneDelegate.swift; sourceTree = "<group>"; };
		91B1BF2A252AE784000B763B /* ViewController.swift */ = {isa = PBXFileReference; lastKnownFileType = sourcecode.swift; path = ViewController.swift; sourceTree = "<group>"; };
		91B1BF2D252AE784000B763B /* Base */ = {isa = PBXFileReference; lastKnownFileType = file.storyboard; name = Base; path = Base.lproj/Main.storyboard; sourceTree = "<group>"; };
		91B1BF2F252AE787000B763B /* Assets.xcassets */ = {isa = PBXFileReference; lastKnownFileType = folder.assetcatalog; path = Assets.xcassets; sourceTree = "<group>"; };
		91B1BF32252AE787000B763B /* Base */ = {isa = PBXFileReference; lastKnownFileType = file.storyboard; name = Base; path = Base.lproj/LaunchScreen.storyboard; sourceTree = "<group>"; };
		91B1BF34252AE787000B763B /* Info.plist */ = {isa = PBXFileReference; lastKnownFileType = text.plist.xml; path = Info.plist; sourceTree = "<group>"; };
		91B39534247E7C550005A55B /* SGSegmentedProgressBarLibrary.framework */ = {isa = PBXFileReference; explicitFileType = wrapper.framework; includeInIndex = 0; path = SGSegmentedProgressBarLibrary.framework; sourceTree = BUILT_PRODUCTS_DIR; };
		91B39537247E7C550005A55B /* SGSegmentedProgressBarLibrary.h */ = {isa = PBXFileReference; lastKnownFileType = sourcecode.c.h; path = SGSegmentedProgressBarLibrary.h; sourceTree = "<group>"; };
		91B39538247E7C550005A55B /* Info.plist */ = {isa = PBXFileReference; lastKnownFileType = text.plist.xml; path = Info.plist; sourceTree = "<group>"; };
/* End PBXFileReference section */

/* Begin PBXFrameworksBuildPhase section */
		91B1BF21252AE784000B763B /* Frameworks */ = {
			isa = PBXFrameworksBuildPhase;
			buildActionMask = 2147483647;
			files = (
			);
			runOnlyForDeploymentPostprocessing = 0;
		};
		91B39531247E7C550005A55B /* Frameworks */ = {
			isa = PBXFrameworksBuildPhase;
			buildActionMask = 2147483647;
			files = (
				91B1BF1F252AE6F6000B763B /* SGSegmentedProgressBar.framework in Frameworks */,
			);
			runOnlyForDeploymentPostprocessing = 0;
		};
/* End PBXFrameworksBuildPhase section */

/* Begin PBXGroup section */
		91B1BF25252AE784000B763B /* Example */ = {
			isa = PBXGroup;
			children = (
				91B1BF26252AE784000B763B /* AppDelegate.swift */,
				91B1BF28252AE784000B763B /* SceneDelegate.swift */,
				91B1BF2A252AE784000B763B /* ViewController.swift */,
				91B1BF2C252AE784000B763B /* Main.storyboard */,
				91B1BF2F252AE787000B763B /* Assets.xcassets */,
				91B1BF31252AE787000B763B /* LaunchScreen.storyboard */,
				91B1BF34252AE787000B763B /* Info.plist */,
			);
			path = Example;
			sourceTree = "<group>";
		};
		91B3952A247E7C550005A55B = {
			isa = PBXGroup;
			children = (
				91B39536247E7C550005A55B /* SGSegmentedProgressBarLibrary */,
				91B1BF25252AE784000B763B /* Example */,
				91B39535247E7C550005A55B /* Products */,
			);
			sourceTree = "<group>";
		};
		91B39535247E7C550005A55B /* Products */ = {
			isa = PBXGroup;
			children = (
				91B39534247E7C550005A55B /* SGSegmentedProgressBarLibrary.framework */,
				91B1BF24252AE784000B763B /* Example.app */,
			);
			name = Products;
			sourceTree = "<group>";
		};
		91B39536247E7C550005A55B /* SGSegmentedProgressBarLibrary */ = {
			isa = PBXGroup;
			children = (
				91B39537247E7C550005A55B /* SGSegmentedProgressBarLibrary.h */,
				91B1BF1E252AE6F6000B763B /* SGSegmentedProgressBar.framework */,
				91B39538247E7C550005A55B /* Info.plist */,
			);
			path = SGSegmentedProgressBarLibrary;
			sourceTree = "<group>";
		};
/* End PBXGroup section */

/* Begin PBXHeadersBuildPhase section */
		91B3952F247E7C550005A55B /* Headers */ = {
			isa = PBXHeadersBuildPhase;
			buildActionMask = 2147483647;
			files = (
				91B39539247E7C550005A55B /* SGSegmentedProgressBarLibrary.h in Headers */,
			);
			runOnlyForDeploymentPostprocessing = 0;
		};
/* End PBXHeadersBuildPhase section */

/* Begin PBXNativeTarget section */
		91B1BF23252AE784000B763B /* Example */ = {
			isa = PBXNativeTarget;
			buildConfigurationList = 91B1BF35252AE787000B763B /* Build configuration list for PBXNativeTarget "Example" */;
			buildPhases = (
				91B1BF20252AE784000B763B /* Sources */,
				91B1BF21252AE784000B763B /* Frameworks */,
				91B1BF22252AE784000B763B /* Resources */,
			);
			buildRules = (
			);
			dependencies = (
			);
			name = Example;
			productName = Example;
			productReference = 91B1BF24252AE784000B763B /* Example.app */;
			productType = "com.apple.product-type.application";
		};
		91B39533247E7C550005A55B /* SGSegmentedProgressBarLibrary */ = {
			isa = PBXNativeTarget;
			buildConfigurationList = 91B3953C247E7C550005A55B /* Build configuration list for PBXNativeTarget "SGSegmentedProgressBarLibrary" */;
			buildPhases = (
				91B3952F247E7C550005A55B /* Headers */,
				91B39530247E7C550005A55B /* Sources */,
				91B39531247E7C550005A55B /* Frameworks */,
				91B39532247E7C550005A55B /* Resources */,
				91B39543247E7CAD0005A55B /* Embed Frameworks */,
			);
			buildRules = (
			);
			dependencies = (
			);
			name = SGSegmentedProgressBarLibrary;
			productName = SGSegmentedProgressBarLibrary;
			productReference = 91B39534247E7C550005A55B /* SGSegmentedProgressBarLibrary.framework */;
			productType = "com.apple.product-type.framework";
		};
/* End PBXNativeTarget section */

/* Begin PBXProject section */
		91B3952B247E7C550005A55B /* Project object */ = {
			isa = PBXProject;
			attributes = {
				LastSwiftUpdateCheck = 1200;
				LastUpgradeCheck = 1120;
				ORGANIZATIONNAME = SG;
				TargetAttributes = {
					91B1BF23252AE784000B763B = {
						CreatedOnToolsVersion = 12.0.1;
					};
					91B39533247E7C550005A55B = {
						CreatedOnToolsVersion = 11.2.1;
					};
				};
			};
			buildConfigurationList = 91B3952E247E7C550005A55B /* Build configuration list for PBXProject "SGSegmentedProgressBarLibrary" */;
			compatibilityVersion = "Xcode 9.3";
			developmentRegion = en;
			hasScannedForEncodings = 0;
			knownRegions = (
				en,
				Base,
			);
			mainGroup = 91B3952A247E7C550005A55B;
			productRefGroup = 91B39535247E7C550005A55B /* Products */;
			projectDirPath = "";
			projectRoot = "";
			targets = (
				91B39533247E7C550005A55B /* SGSegmentedProgressBarLibrary */,
				91B1BF23252AE784000B763B /* Example */,
			);
		};
/* End PBXProject section */

/* Begin PBXResourcesBuildPhase section */
		91B1BF22252AE784000B763B /* Resources */ = {
			isa = PBXResourcesBuildPhase;
			buildActionMask = 2147483647;
			files = (
				91B1BF33252AE787000B763B /* LaunchScreen.storyboard in Resources */,
				91B1BF30252AE787000B763B /* Assets.xcassets in Resources */,
				91B1BF2E252AE784000B763B /* Main.storyboard in Resources */,
			);
			runOnlyForDeploymentPostprocessing = 0;
		};
		91B39532247E7C550005A55B /* Resources */ = {
			isa = PBXResourcesBuildPhase;
			buildActionMask = 2147483647;
			files = (
			);
			runOnlyForDeploymentPostprocessing = 0;
		};
/* End PBXResourcesBuildPhase section */

/* Begin PBXSourcesBuildPhase section */
		91B1BF20252AE784000B763B /* Sources */ = {
			isa = PBXSourcesBuildPhase;
			buildActionMask = 2147483647;
			files = (
				91B1BF2B252AE784000B763B /* ViewController.swift in Sources */,
				91B1BF27252AE784000B763B /* AppDelegate.swift in Sources */,
				91B1BF29252AE784000B763B /* SceneDelegate.swift in Sources */,
			);
			runOnlyForDeploymentPostprocessing = 0;
		};
		91B39530247E7C550005A55B /* Sources */ = {
			isa = PBXSourcesBuildPhase;
			buildActionMask = 2147483647;
			files = (
			);
			runOnlyForDeploymentPostprocessing = 0;
		};
/* End PBXSourcesBuildPhase section */

/* Begin PBXVariantGroup section */
		91B1BF2C252AE784000B763B /* Main.storyboard */ = {
			isa = PBXVariantGroup;
			children = (
				91B1BF2D252AE784000B763B /* Base */,
			);
			name = Main.storyboard;
			sourceTree = "<group>";
		};
		91B1BF31252AE787000B763B /* LaunchScreen.storyboard */ = {
			isa = PBXVariantGroup;
			children = (
				91B1BF32252AE787000B763B /* Base */,
			);
			name = LaunchScreen.storyboard;
			sourceTree = "<group>";
		};
/* End PBXVariantGroup section */

/* Begin XCBuildConfiguration section */
		91B1BF36252AE787000B763B /* Debug */ = {
			isa = XCBuildConfiguration;
			buildSettings = {
				ASSETCATALOG_COMPILER_APPICON_NAME = AppIcon;
				ASSETCATALOG_COMPILER_GLOBAL_ACCENT_COLOR_NAME = AccentColor;
				CLANG_WARN_QUOTED_INCLUDE_IN_FRAMEWORK_HEADER = YES;
				CODE_SIGN_STYLE = Automatic;
				INFOPLIST_FILE = Example/Info.plist;
				IPHONEOS_DEPLOYMENT_TARGET = 14.0;
				LD_RUNPATH_SEARCH_PATHS = (
					"$(inherited)",
					"@executable_path/Frameworks",
				);
				PRODUCT_BUNDLE_IDENTIFIER = SWS.Example;
				PRODUCT_NAME = "$(TARGET_NAME)";
				SWIFT_VERSION = 5.0;
				TARGETED_DEVICE_FAMILY = "1,2";
			};
			name = Debug;
		};
		91B1BF37252AE787000B763B /* Release */ = {
			isa = XCBuildConfiguration;
			buildSettings = {
				ASSETCATALOG_COMPILER_APPICON_NAME = AppIcon;
				ASSETCATALOG_COMPILER_GLOBAL_ACCENT_COLOR_NAME = AccentColor;
				CLANG_WARN_QUOTED_INCLUDE_IN_FRAMEWORK_HEADER = YES;
				CODE_SIGN_STYLE = Automatic;
				INFOPLIST_FILE = Example/Info.plist;
				IPHONEOS_DEPLOYMENT_TARGET = 14.0;
				LD_RUNPATH_SEARCH_PATHS = (
					"$(inherited)",
					"@executable_path/Frameworks",
				);
				PRODUCT_BUNDLE_IDENTIFIER = SWS.Example;
				PRODUCT_NAME = "$(TARGET_NAME)";
				SWIFT_VERSION = 5.0;
				TARGETED_DEVICE_FAMILY = "1,2";
			};
			name = Release;
		};
		91B3953A247E7C550005A55B /* Debug */ = {
			isa = XCBuildConfiguration;
			buildSettings = {
				ALWAYS_SEARCH_USER_PATHS = NO;
				CLANG_ANALYZER_NONNULL = YES;
				CLANG_ANALYZER_NUMBER_OBJECT_CONVERSION = YES_AGGRESSIVE;
				CLANG_CXX_LANGUAGE_STANDARD = "gnu++14";
				CLANG_CXX_LIBRARY = "libc++";
				CLANG_ENABLE_MODULES = YES;
				CLANG_ENABLE_OBJC_ARC = YES;
				CLANG_ENABLE_OBJC_WEAK = YES;
				CLANG_WARN_BLOCK_CAPTURE_AUTORELEASING = YES;
				CLANG_WARN_BOOL_CONVERSION = YES;
				CLANG_WARN_COMMA = YES;
				CLANG_WARN_CONSTANT_CONVERSION = YES;
				CLANG_WARN_DEPRECATED_OBJC_IMPLEMENTATIONS = YES;
				CLANG_WARN_DIRECT_OBJC_ISA_USAGE = YES_ERROR;
				CLANG_WARN_DOCUMENTATION_COMMENTS = YES;
				CLANG_WARN_EMPTY_BODY = YES;
				CLANG_WARN_ENUM_CONVERSION = YES;
				CLANG_WARN_INFINITE_RECURSION = YES;
				CLANG_WARN_INT_CONVERSION = YES;
				CLANG_WARN_NON_LITERAL_NULL_CONVERSION = YES;
				CLANG_WARN_OBJC_IMPLICIT_RETAIN_SELF = YES;
				CLANG_WARN_OBJC_LITERAL_CONVERSION = YES;
				CLANG_WARN_OBJC_ROOT_CLASS = YES_ERROR;
				CLANG_WARN_RANGE_LOOP_ANALYSIS = YES;
				CLANG_WARN_STRICT_PROTOTYPES = YES;
				CLANG_WARN_SUSPICIOUS_MOVE = YES;
				CLANG_WARN_UNGUARDED_AVAILABILITY = YES_AGGRESSIVE;
				CLANG_WARN_UNREACHABLE_CODE = YES;
				CLANG_WARN__DUPLICATE_METHOD_MATCH = YES;
				COPY_PHASE_STRIP = NO;
				CURRENT_PROJECT_VERSION = 1;
				DEBUG_INFORMATION_FORMAT = dwarf;
				ENABLE_STRICT_OBJC_MSGSEND = YES;
				ENABLE_TESTABILITY = YES;
				GCC_C_LANGUAGE_STANDARD = gnu11;
				GCC_DYNAMIC_NO_PIC = NO;
				GCC_NO_COMMON_BLOCKS = YES;
				GCC_OPTIMIZATION_LEVEL = 0;
				GCC_PREPROCESSOR_DEFINITIONS = (
					"DEBUG=1",
					"$(inherited)",
				);
				GCC_WARN_64_TO_32_BIT_CONVERSION = YES;
				GCC_WARN_ABOUT_RETURN_TYPE = YES_ERROR;
				GCC_WARN_UNDECLARED_SELECTOR = YES;
				GCC_WARN_UNINITIALIZED_AUTOS = YES_AGGRESSIVE;
				GCC_WARN_UNUSED_FUNCTION = YES;
				GCC_WARN_UNUSED_VARIABLE = YES;
				IPHONEOS_DEPLOYMENT_TARGET = 13.2;
				MTL_ENABLE_DEBUG_INFO = INCLUDE_SOURCE;
				MTL_FAST_MATH = YES;
				ONLY_ACTIVE_ARCH = YES;
				SDKROOT = iphoneos;
				SWIFT_ACTIVE_COMPILATION_CONDITIONS = DEBUG;
				SWIFT_OPTIMIZATION_LEVEL = "-Onone";
				VERSIONING_SYSTEM = "apple-generic";
				VERSION_INFO_PREFIX = "";
			};
			name = Debug;
		};
		91B3953B247E7C550005A55B /* Release */ = {
			isa = XCBuildConfiguration;
			buildSettings = {
				ALWAYS_SEARCH_USER_PATHS = NO;
				CLANG_ANALYZER_NONNULL = YES;
				CLANG_ANALYZER_NUMBER_OBJECT_CONVERSION = YES_AGGRESSIVE;
				CLANG_CXX_LANGUAGE_STANDARD = "gnu++14";
				CLANG_CXX_LIBRARY = "libc++";
				CLANG_ENABLE_MODULES = YES;
				CLANG_ENABLE_OBJC_ARC = YES;
				CLANG_ENABLE_OBJC_WEAK = YES;
				CLANG_WARN_BLOCK_CAPTURE_AUTORELEASING = YES;
				CLANG_WARN_BOOL_CONVERSION = YES;
				CLANG_WARN_COMMA = YES;
				CLANG_WARN_CONSTANT_CONVERSION = YES;
				CLANG_WARN_DEPRECATED_OBJC_IMPLEMENTATIONS = YES;
				CLANG_WARN_DIRECT_OBJC_ISA_USAGE = YES_ERROR;
				CLANG_WARN_DOCUMENTATION_COMMENTS = YES;
				CLANG_WARN_EMPTY_BODY = YES;
				CLANG_WARN_ENUM_CONVERSION = YES;
				CLANG_WARN_INFINITE_RECURSION = YES;
				CLANG_WARN_INT_CONVERSION = YES;
				CLANG_WARN_NON_LITERAL_NULL_CONVERSION = YES;
				CLANG_WARN_OBJC_IMPLICIT_RETAIN_SELF = YES;
				CLANG_WARN_OBJC_LITERAL_CONVERSION = YES;
				CLANG_WARN_OBJC_ROOT_CLASS = YES_ERROR;
				CLANG_WARN_RANGE_LOOP_ANALYSIS = YES;
				CLANG_WARN_STRICT_PROTOTYPES = YES;
				CLANG_WARN_SUSPICIOUS_MOVE = YES;
				CLANG_WARN_UNGUARDED_AVAILABILITY = YES_AGGRESSIVE;
				CLANG_WARN_UNREACHABLE_CODE = YES;
				CLANG_WARN__DUPLICATE_METHOD_MATCH = YES;
				COPY_PHASE_STRIP = NO;
				CURRENT_PROJECT_VERSION = 1;
				DEBUG_INFORMATION_FORMAT = "dwarf-with-dsym";
				ENABLE_NS_ASSERTIONS = NO;
				ENABLE_STRICT_OBJC_MSGSEND = YES;
				GCC_C_LANGUAGE_STANDARD = gnu11;
				GCC_NO_COMMON_BLOCKS = YES;
				GCC_WARN_64_TO_32_BIT_CONVERSION = YES;
				GCC_WARN_ABOUT_RETURN_TYPE = YES_ERROR;
				GCC_WARN_UNDECLARED_SELECTOR = YES;
				GCC_WARN_UNINITIALIZED_AUTOS = YES_AGGRESSIVE;
				GCC_WARN_UNUSED_FUNCTION = YES;
				GCC_WARN_UNUSED_VARIABLE = YES;
				IPHONEOS_DEPLOYMENT_TARGET = 13.2;
				MTL_ENABLE_DEBUG_INFO = NO;
				MTL_FAST_MATH = YES;
				SDKROOT = iphoneos;
				SWIFT_COMPILATION_MODE = wholemodule;
				SWIFT_OPTIMIZATION_LEVEL = "-O";
				VALIDATE_PRODUCT = YES;
				VERSIONING_SYSTEM = "apple-generic";
				VERSION_INFO_PREFIX = "";
			};
			name = Release;
		};
		91B3953D247E7C550005A55B /* Debug */ = {
			isa = XCBuildConfiguration;
			buildSettings = {
				CODE_SIGN_STYLE = Automatic;
				DEFINES_MODULE = YES;
				DYLIB_COMPATIBILITY_VERSION = 1;
				DYLIB_CURRENT_VERSION = 1;
				DYLIB_INSTALL_NAME_BASE = "@rpath";
				FRAMEWORK_SEARCH_PATHS = (
					"$(inherited)",
					"$(PROJECT_DIR)/SGSegmentedProgressBarLibrary",
				);
				INFOPLIST_FILE = SGSegmentedProgressBarLibrary/Info.plist;
				INSTALL_PATH = "$(LOCAL_LIBRARY_DIR)/Frameworks";
				IPHONEOS_DEPLOYMENT_TARGET = 9.0;
				LD_RUNPATH_SEARCH_PATHS = (
					"$(inherited)",
					"@executable_path/Frameworks",
					"@loader_path/Frameworks",
				);
				LIBRARY_SEARCH_PATHS = (
					"$(inherited)",
					"$(PROJECT_DIR)/SGSegmentedProgressBarLibrary",
				);
				MARKETING_VERSION = 0.0.4;
				ONLY_ACTIVE_ARCH = NO;
				PRODUCT_BUNDLE_IDENTIFIER = SG.SGSegmentedProgressBarLibrary;
				PRODUCT_NAME = "$(TARGET_NAME:c99extidentifier)";
				SKIP_INSTALL = YES;
				SWIFT_VERSION = 5.0;
				TARGETED_DEVICE_FAMILY = "1,2";
			};
			name = Debug;
		};
		91B3953E247E7C550005A55B /* Release */ = {
			isa = XCBuildConfiguration;
			buildSettings = {
				CODE_SIGN_STYLE = Automatic;
				DEFINES_MODULE = YES;
				DYLIB_COMPATIBILITY_VERSION = 1;
				DYLIB_CURRENT_VERSION = 1;
				DYLIB_INSTALL_NAME_BASE = "@rpath";
				FRAMEWORK_SEARCH_PATHS = (
					"$(inherited)",
					"$(PROJECT_DIR)/SGSegmentedProgressBarLibrary",
				);
				INFOPLIST_FILE = SGSegmentedProgressBarLibrary/Info.plist;
				INSTALL_PATH = "$(LOCAL_LIBRARY_DIR)/Frameworks";
				IPHONEOS_DEPLOYMENT_TARGET = 9.0;
				LD_RUNPATH_SEARCH_PATHS = (
					"$(inherited)",
					"@executable_path/Frameworks",
					"@loader_path/Frameworks",
				);
				LIBRARY_SEARCH_PATHS = (
					"$(inherited)",
					"$(PROJECT_DIR)/SGSegmentedProgressBarLibrary",
				);
				MARKETING_VERSION = 0.0.4;
				PRODUCT_BUNDLE_IDENTIFIER = SG.SGSegmentedProgressBarLibrary;
				PRODUCT_NAME = "$(TARGET_NAME:c99extidentifier)";
				SKIP_INSTALL = YES;
				SWIFT_VERSION = 5.0;
				TARGETED_DEVICE_FAMILY = "1,2";
			};
			name = Release;
		};
/* End XCBuildConfiguration section */

/* Begin XCConfigurationList section */
		91B1BF35252AE787000B763B /* Build configuration list for PBXNativeTarget "Example" */ = {
			isa = XCConfigurationList;
			buildConfigurations = (
				91B1BF36252AE787000B763B /* Debug */,
				91B1BF37252AE787000B763B /* Release */,
			);
			defaultConfigurationIsVisible = 0;
			defaultConfigurationName = Release;
		};
		91B3952E247E7C550005A55B /* Build configuration list for PBXProject "SGSegmentedProgressBarLibrary" */ = {
			isa = XCConfigurationList;
			buildConfigurations = (
				91B3953A247E7C550005A55B /* Debug */,
				91B3953B247E7C550005A55B /* Release */,
			);
			defaultConfigurationIsVisible = 0;
			defaultConfigurationName = Release;
		};
		91B3953C247E7C550005A55B /* Build configuration list for PBXNativeTarget "SGSegmentedProgressBarLibrary" */ = {
			isa = XCConfigurationList;
			buildConfigurations = (
				91B3953D247E7C550005A55B /* Debug */,
				91B3953E247E7C550005A55B /* Release */,
			);
			defaultConfigurationIsVisible = 0;
			defaultConfigurationName = Release;
		};
/* End XCConfigurationList section */
	};
	rootObject = 91B3952B247E7C550005A55B /* Project object */;
}
